
Microsoft Visual Studio Solution File, Format Version 12.00
# Visual Studio Version 17
VisualStudioVersion = 17.13.35931.197 d17.13
MinimumVisualStudioVersion = 10.0.40219.1
Project("{FAE04EC0-301F-11D3-BF4B-00C04F79EFBC}") = "ATBM_Project", "ATBM_Project.csproj", "{B3AA36E2-1F99-485C-AFD6-43BB9C6EC300}"
EndProject
Global
	GlobalSection(SolutionConfigurationPlatforms) = preSolution
		Debug|Any CPU = Debug|Any CPU
		Release|Any CPU = Release|Any CPU
	EndGlobalSection
	GlobalSection(ProjectConfigurationPlatforms) = postSolution
		{B3AA36E2-1F99-485C-AFD6-43BB9C6EC300}.Debug|Any CPU.ActiveCfg = Debug|Any CPU
		{B3AA36E2-1F99-485C-AFD6-43BB9C6EC300}.Debug|Any CPU.Build.0 = Debug|Any CPU
		{B3AA36E2-1F99-485C-AFD6-43BB9C6EC300}.Release|Any CPU.ActiveCfg = Release|Any CPU
		{B3AA36E2-1F99-485C-AFD6-43BB9C6EC300}.Release|Any CPU.Build.0 = Release|Any CPU
	EndGlobalSection
	GlobalSection(SolutionProperties) = preSolution
		HideSolutionNode = FALSE
	EndGlobalSection
	GlobalSection(ExtensibilityGlobals) = postSolution
		SolutionGuid = {5B7DCD7C-6A87-4F26-B350-7EBA73FB1395}
	EndGlobalSection
EndGlobal
